
Microsoft Visual Studio Solution File, Format Version 12.00
# Visual Studio Version 16
VisualStudioVersion = 16.0.28803.202
MinimumVisualStudioVersion = 10.0.40219.1
Project("{FAE04EC0-301F-11D3-BF4B-00C04F79EFBC}") = "OPZ", "OPZ\OPZ.csproj", "{A7859749-A87A-4D26-9199-F575413C5364}"
EndProject
Global
	GlobalSection(SolutionConfigurationPlatforms) = preSolution
		Debug|Any CPU = Debug|Any CPU
		Release|Any CPU = Release|Any CPU
	EndGlobalSection
	GlobalSection(ProjectConfigurationPlatforms) = postSolution
		{A7859749-A87A-4D26-9199-F575413C5364}.Debug|Any CPU.ActiveCfg = Debug|Any CPU
		{A7859749-A87A-4D26-9199-F575413C5364}.Debug|Any CPU.Build.0 = Debug|Any CPU
		{A7859749-A87A-4D26-9199-F575413C5364}.Release|Any CPU.ActiveCfg = Release|Any CPU
		{A7859749-A87A-4D26-9199-F575413C5364}.Release|Any CPU.Build.0 = Release|Any CPU
	EndGlobalSection
	GlobalSection(SolutionProperties) = preSolution
		HideSolutionNode = FALSE
	EndGlobalSection
	GlobalSection(ExtensibilityGlobals) = postSolution
		SolutionGuid = {F4776113-32D3-4CFD-B60D-486A47DFD610}
	EndGlobalSection
EndGlobal
